// !$*UTF8*$!
{
	archiveVersion = 1;
	classes = {
	};
	objectVersion = 50;
	objects = {

/* Begin PBXBuildFile section */
		6A868EBD2326C4A200DC47DC /* AppDelegate.swift in Sources */ = {isa = PBXBuildFile; fileRef = 6A868EBC2326C4A200DC47DC /* AppDelegate.swift */; };
		6A868EBF2326C4A200DC47DC /* ViewController.swift in Sources */ = {isa = PBXBuildFile; fileRef = 6A868EBE2326C4A200DC47DC /* ViewController.swift */; };
		6A868EC22326C4A200DC47DC /* Main.storyboard in Resources */ = {isa = PBXBuildFile; fileRef = 6A868EC02326C4A200DC47DC /* Main.storyboard */; };
		6A868EC42326C4A300DC47DC /* Assets.xcassets in Resources */ = {isa = PBXBuildFile; fileRef = 6A868EC32326C4A300DC47DC /* Assets.xcassets */; };
		6A868EC72326C4A300DC47DC /* LaunchScreen.storyboard in Resources */ = {isa = PBXBuildFile; fileRef = 6A868EC52326C4A300DC47DC /* LaunchScreen.storyboard */; };
		6A868ED22326C4A300DC47DC /* PerformanceTests.swift in Sources */ = {isa = PBXBuildFile; fileRef = 6A868ED12326C4A300DC47DC /* PerformanceTests.swift */; };
		6AF118B12327B54A00F15FF1 /* DummyClass.swift in Sources */ = {isa = PBXBuildFile; fileRef = 6AF118B02327B54A00F15FF1 /* DummyClass.swift */; };
		6AF118B32327B66600F15FF1 /* DummyStructure.swift in Sources */ = {isa = PBXBuildFile; fileRef = 6AF118B22327B66600F15FF1 /* DummyStructure.swift */; };
/* End PBXBuildFile section */

/* Begin PBXContainerItemProxy section */
		6A868ECE2326C4A300DC47DC /* PBXContainerItemProxy */ = {
			isa = PBXContainerItemProxy;
			containerPortal = 6A868EB12326C4A200DC47DC /* Project object */;
			proxyType = 1;
			remoteGlobalIDString = 6A868EB82326C4A200DC47DC;
			remoteInfo = Performance;
		};
/* End PBXContainerItemProxy section */

/* Begin PBXFileReference section */
		6A868EB92326C4A200DC47DC /* Performance.app */ = {isa = PBXFileReference; explicitFileType = wrapper.application; includeInIndex = 0; path = Performance.app; sourceTree = BUILT_PRODUCTS_DIR; };
		6A868EBC2326C4A200DC47DC /* AppDelegate.swift */ = {isa = PBXFileReference; lastKnownFileType = sourcecode.swift; path = AppDelegate.swift; sourceTree = "<group>"; };
		6A868EBE2326C4A200DC47DC /* ViewController.swift */ = {isa = PBXFileReference; lastKnownFileType = sourcecode.swift; path = ViewController.swift; sourceTree = "<group>"; };
		6A868EC12326C4A200DC47DC /* Base */ = {isa = PBXFileReference; lastKnownFileType = file.storyboard; name = Base; path = Base.lproj/Main.storyboard; sourceTree = "<group>"; };
		6A868EC32326C4A300DC47DC /* Assets.xcassets */ = {isa = PBXFileReference; lastKnownFileType = folder.assetcatalog; path = Assets.xcassets; sourceTree = "<group>"; };
		6A868EC62326C4A300DC47DC /* Base */ = {isa = PBXFileReference; lastKnownFileType = file.storyboard; name = Base; path = Base.lproj/LaunchScreen.storyboard; sourceTree = "<group>"; };
		6A868EC82326C4A300DC47DC /* Info.plist */ = {isa = PBXFileReference; lastKnownFileType = text.plist.xml; path = Info.plist; sourceTree = "<group>"; };
		6A868ECD2326C4A300DC47DC /* PerformanceTests.xctest */ = {isa = PBXFileReference; explicitFileType = wrapper.cfbundle; includeInIndex = 0; path = PerformanceTests.xctest; sourceTree = BUILT_PRODUCTS_DIR; };
		6A868ED12326C4A300DC47DC /* PerformanceTests.swift */ = {isa = PBXFileReference; lastKnownFileType = sourcecode.swift; path = PerformanceTests.swift; sourceTree = "<group>"; };
		6A868ED32326C4A300DC47DC /* Info.plist */ = {isa = PBXFileReference; lastKnownFileType = text.plist.xml; path = Info.plist; sourceTree = "<group>"; };
		6AF118B02327B54A00F15FF1 /* DummyClass.swift */ = {isa = PBXFileReference; lastKnownFileType = sourcecode.swift; path = DummyClass.swift; sourceTree = "<group>"; };
		6AF118B22327B66600F15FF1 /* DummyStructure.swift */ = {isa = PBXFileReference; lastKnownFileType = sourcecode.swift; path = DummyStructure.swift; sourceTree = "<group>"; };
/* End PBXFileReference section */

/* Begin PBXFrameworksBuildPhase section */
		6A868EB62326C4A200DC47DC /* Frameworks */ = {
			isa = PBXFrameworksBuildPhase;
			buildActionMask = 2147483647;
			files = (
			);
			runOnlyForDeploymentPostprocessing = 0;
		};
		6A868ECA2326C4A300DC47DC /* Frameworks */ = {
			isa = PBXFrameworksBuildPhase;
			buildActionMask = 2147483647;
			files = (
			);
			runOnlyForDeploymentPostprocessing = 0;
		};
/* End PBXFrameworksBuildPhase section */

/* Begin PBXGroup section */
		6A868EB02326C4A200DC47DC = {
			isa = PBXGroup;
			children = (
				6A868EBB2326C4A200DC47DC /* Performance */,
				6A868ED02326C4A300DC47DC /* PerformanceTests */,
				6A868EBA2326C4A200DC47DC /* Products */,
			);
			sourceTree = "<group>";
		};
		6A868EBA2326C4A200DC47DC /* Products */ = {
			isa = PBXGroup;
			children = (
				6A868EB92326C4A200DC47DC /* Performance.app */,
				6A868ECD2326C4A300DC47DC /* PerformanceTests.xctest */,
			);
			name = Products;
			sourceTree = "<group>";
		};
		6A868EBB2326C4A200DC47DC /* Performance */ = {
			isa = PBXGroup;
			children = (
				6A868EBC2326C4A200DC47DC /* AppDelegate.swift */,
				6A868EBE2326C4A200DC47DC /* ViewController.swift */,
				6A868EC02326C4A200DC47DC /* Main.storyboard */,
				6A868EC32326C4A300DC47DC /* Assets.xcassets */,
				6A868EC52326C4A300DC47DC /* LaunchScreen.storyboard */,
				6A868EC82326C4A300DC47DC /* Info.plist */,
			);
			path = Performance;
			sourceTree = "<group>";
		};
		6A868ED02326C4A300DC47DC /* PerformanceTests */ = {
			isa = PBXGroup;
			children = (
				6A868ED12326C4A300DC47DC /* PerformanceTests.swift */,
				6AF118B02327B54A00F15FF1 /* DummyClass.swift */,
				6AF118B22327B66600F15FF1 /* DummyStructure.swift */,
				6A868ED32326C4A300DC47DC /* Info.plist */,
			);
			path = PerformanceTests;
			sourceTree = "<group>";
		};
/* End PBXGroup section */

/* Begin PBXNativeTarget section */
		6A868EB82326C4A200DC47DC /* Performance */ = {
			isa = PBXNativeTarget;
			buildConfigurationList = 6A868ED62326C4A300DC47DC /* Build configuration list for PBXNativeTarget "Performance" */;
			buildPhases = (
				6A868EB52326C4A200DC47DC /* Sources */,
				6A868EB62326C4A200DC47DC /* Frameworks */,
				6A868EB72326C4A200DC47DC /* Resources */,
			);
			buildRules = (
			);
			dependencies = (
			);
			name = Performance;
			productName = Performance;
			productReference = 6A868EB92326C4A200DC47DC /* Performance.app */;
			productType = "com.apple.product-type.application";
		};
		6A868ECC2326C4A300DC47DC /* PerformanceTests */ = {
			isa = PBXNativeTarget;
			buildConfigurationList = 6A868ED92326C4A300DC47DC /* Build configuration list for PBXNativeTarget "PerformanceTests" */;
			buildPhases = (
				6A868EC92326C4A300DC47DC /* Sources */,
				6A868ECA2326C4A300DC47DC /* Frameworks */,
				6A868ECB2326C4A300DC47DC /* Resources */,
			);
			buildRules = (
			);
			dependencies = (
				6A868ECF2326C4A300DC47DC /* PBXTargetDependency */,
			);
			name = PerformanceTests;
			productName = PerformanceTests;
			productReference = 6A868ECD2326C4A300DC47DC /* PerformanceTests.xctest */;
			productType = "com.apple.product-type.bundle.unit-test";
		};
/* End PBXNativeTarget section */

/* Begin PBXProject section */
		6A868EB12326C4A200DC47DC /* Project object */ = {
			isa = PBXProject;
			attributes = {
				LastSwiftUpdateCheck = 1030;
				LastUpgradeCheck = 1030;
				ORGANIZATIONNAME = "Maxim Ivunin";
				TargetAttributes = {
					6A868EB82326C4A200DC47DC = {
						CreatedOnToolsVersion = 10.3;
					};
					6A868ECC2326C4A300DC47DC = {
						CreatedOnToolsVersion = 10.3;
						TestTargetID = 6A868EB82326C4A200DC47DC;
					};
				};
			};
			buildConfigurationList = 6A868EB42326C4A200DC47DC /* Build configuration list for PBXProject "Performance" */;
			compatibilityVersion = "Xcode 9.3";
			developmentRegion = en;
			hasScannedForEncodings = 0;
			knownRegions = (
				en,
				Base,
			);
			mainGroup = 6A868EB02326C4A200DC47DC;
			productRefGroup = 6A868EBA2326C4A200DC47DC /* Products */;
			projectDirPath = "";
			projectRoot = "";
			targets = (
				6A868EB82326C4A200DC47DC /* Performance */,
				6A868ECC2326C4A300DC47DC /* PerformanceTests */,
			);
		};
/* End PBXProject section */

/* Begin PBXResourcesBuildPhase section */
		6A868EB72326C4A200DC47DC /* Resources */ = {
			isa = PBXResourcesBuildPhase;
			buildActionMask = 2147483647;
			files = (
				6A868EC72326C4A300DC47DC /* LaunchScreen.storyboard in Resources */,
				6A868EC42326C4A300DC47DC /* Assets.xcassets in Resources */,
				6A868EC22326C4A200DC47DC /* Main.storyboard in Resources */,
			);
			runOnlyForDeploymentPostprocessing = 0;
		};
		6A868ECB2326C4A300DC47DC /* Resources */ = {
			isa = PBXResourcesBuildPhase;
			buildActionMask = 2147483647;
			files = (
			);
			runOnlyForDeploymentPostprocessing = 0;
		};
/* End PBXResourcesBuildPhase section */

/* Begin PBXSourcesBuildPhase section */
		6A868EB52326C4A200DC47DC /* Sources */ = {
			isa = PBXSourcesBuildPhase;
			buildActionMask = 2147483647;
			files = (
				6A868EBF2326C4A200DC47DC /* ViewController.swift in Sources */,
				6A868EBD2326C4A200DC47DC /* AppDelegate.swift in Sources */,
			);
			runOnlyForDeploymentPostprocessing = 0;
		};
		6A868EC92326C4A300DC47DC /* Sources */ = {
			isa = PBXSourcesBuildPhase;
			buildActionMask = 2147483647;
			files = (
				6A868ED22326C4A300DC47DC /* PerformanceTests.swift in Sources */,
				6AF118B32327B66600F15FF1 /* DummyStructure.swift in Sources */,
				6AF118B12327B54A00F15FF1 /* DummyClass.swift in Sources */,
			);
			runOnlyForDeploymentPostprocessing = 0;
		};
/* End PBXSourcesBuildPhase section */

/* Begin PBXTargetDependency section */
		6A868ECF2326C4A300DC47DC /* PBXTargetDependency */ = {
			isa = PBXTargetDependency;
			target = 6A868EB82326C4A200DC47DC /* Performance */;
			targetProxy = 6A868ECE2326C4A300DC47DC /* PBXContainerItemProxy */;
		};
/* End PBXTargetDependency section */

/* Begin PBXVariantGroup section */
		6A868EC02326C4A200DC47DC /* Main.storyboard */ = {
			isa = PBXVariantGroup;
			children = (
				6A868EC12326C4A200DC47DC /* Base */,
			);
			name = Main.storyboard;
			sourceTree = "<group>";
		};
		6A868EC52326C4A300DC47DC /* LaunchScreen.storyboard */ = {
			isa = PBXVariantGroup;
			children = (
				6A868EC62326C4A300DC47DC /* Base */,
			);
			name = LaunchScreen.storyboard;
			sourceTree = "<group>";
		};
/* End PBXVariantGroup section */

/* Begin XCBuildConfiguration section */
		6A868ED42326C4A300DC47DC /* Debug */ = {
			isa = XCBuildConfiguration;
			buildSettings = {
				ALWAYS_SEARCH_USER_PATHS = NO;
				CLANG_ANALYZER_NONNULL = YES;
				CLANG_ANALYZER_NUMBER_OBJECT_CONVERSION = YES_AGGRESSIVE;
				CLANG_CXX_LANGUAGE_STANDARD = "gnu++14";
				CLANG_CXX_LIBRARY = "libc++";
				CLANG_ENABLE_MODULES = YES;
				CLANG_ENABLE_OBJC_ARC = YES;
				CLANG_ENABLE_OBJC_WEAK = YES;
				CLANG_WARN_BLOCK_CAPTURE_AUTORELEASING = YES;
				CLANG_WARN_BOOL_CONVERSION = YES;
				CLANG_WARN_COMMA = YES;
				CLANG_WARN_CONSTANT_CONVERSION = YES;
				CLANG_WARN_DEPRECATED_OBJC_IMPLEMENTATIONS = YES;
				CLANG_WARN_DIRECT_OBJC_ISA_USAGE = YES_ERROR;
				CLANG_WARN_DOCUMENTATION_COMMENTS = YES;
				CLANG_WARN_EMPTY_BODY = YES;
				CLANG_WARN_ENUM_CONVERSION = YES;
				CLANG_WARN_INFINITE_RECURSION = YES;
				CLANG_WARN_INT_CONVERSION = YES;
				CLANG_WARN_NON_LITERAL_NULL_CONVERSION = YES;
				CLANG_WARN_OBJC_IMPLICIT_RETAIN_SELF = YES;
				CLANG_WARN_OBJC_LITERAL_CONVERSION = YES;
				CLANG_WARN_OBJC_ROOT_CLASS = YES_ERROR;
				CLANG_WARN_RANGE_LOOP_ANALYSIS = YES;
				CLANG_WARN_STRICT_PROTOTYPES = YES;
				CLANG_WARN_SUSPICIOUS_MOVE = YES;
				CLANG_WARN_UNGUARDED_AVAILABILITY = YES_AGGRESSIVE;
				CLANG_WARN_UNREACHABLE_CODE = YES;
				CLANG_WARN__DUPLICATE_METHOD_MATCH = YES;
				CODE_SIGN_IDENTITY = "iPhone Developer";
				COPY_PHASE_STRIP = NO;
				DEBUG_INFORMATION_FORMAT = dwarf;
				ENABLE_STRICT_OBJC_MSGSEND = YES;
				ENABLE_TESTABILITY = YES;
				GCC_C_LANGUAGE_STANDARD = gnu11;
				GCC_DYNAMIC_NO_PIC = NO;
				GCC_NO_COMMON_BLOCKS = YES;
				GCC_OPTIMIZATION_LEVEL = 0;
				GCC_PREPROCESSOR_DEFINITIONS = (
					"DEBUG=1",
					"$(inherited)",
				);
				GCC_WARN_64_TO_32_BIT_CONVERSION = YES;
				GCC_WARN_ABOUT_RETURN_TYPE = YES_ERROR;
				GCC_WARN_UNDECLARED_SELECTOR = YES;
				GCC_WARN_UNINITIALIZED_AUTOS = YES_AGGRESSIVE;
				GCC_WARN_UNUSED_FUNCTION = YES;
				GCC_WARN_UNUSED_VARIABLE = YES;
				IPHONEOS_DEPLOYMENT_TARGET = 12.4;
				MTL_ENABLE_DEBUG_INFO = INCLUDE_SOURCE;
				MTL_FAST_MATH = YES;
				ONLY_ACTIVE_ARCH = YES;
				SDKROOT = iphoneos;
				SWIFT_ACTIVE_COMPILATION_CONDITIONS = DEBUG;
				SWIFT_OPTIMIZATION_LEVEL = "-Osize";
			};
			name = Debug;
		};
		6A868ED52326C4A300DC47DC /* Release */ = {
			isa = XCBuildConfiguration;
			buildSettings = {
				ALWAYS_SEARCH_USER_PATHS = NO;
				CLANG_ANALYZER_NONNULL = YES;
				CLANG_ANALYZER_NUMBER_OBJECT_CONVERSION = YES_AGGRESSIVE;
				CLANG_CXX_LANGUAGE_STANDARD = "gnu++14";
				CLANG_CXX_LIBRARY = "libc++";
				CLANG_ENABLE_MODULES = YES;
				CLANG_ENABLE_OBJC_ARC = YES;
				CLANG_ENABLE_OBJC_WEAK = YES;
				CLANG_WARN_BLOCK_CAPTURE_AUTORELEASING = YES;
				CLANG_WARN_BOOL_CONVERSION = YES;
				CLANG_WARN_COMMA = YES;
				CLANG_WARN_CONSTANT_CONVERSION = YES;
				CLANG_WARN_DEPRECATED_OBJC_IMPLEMENTATIONS = YES;
				CLANG_WARN_DIRECT_OBJC_ISA_USAGE = YES_ERROR;
				CLANG_WARN_DOCUMENTATION_COMMENTS = YES;
				CLANG_WARN_EMPTY_BODY = YES;
				CLANG_WARN_ENUM_CONVERSION = YES;
				CLANG_WARN_INFINITE_RECURSION = YES;
				CLANG_WARN_INT_CONVERSION = YES;
				CLANG_WARN_NON_LITERAL_NULL_CONVERSION = YES;
				CLANG_WARN_OBJC_IMPLICIT_RETAIN_SELF = YES;
				CLANG_WARN_OBJC_LITERAL_CONVERSION = YES;
				CLANG_WARN_OBJC_ROOT_CLASS = YES_ERROR;
				CLANG_WARN_RANGE_LOOP_ANALYSIS = YES;
				CLANG_WARN_STRICT_PROTOTYPES = YES;
				CLANG_WARN_SUSPICIOUS_MOVE = YES;
				CLANG_WARN_UNGUARDED_AVAILABILITY = YES_AGGRESSIVE;
				CLANG_WARN_UNREACHABLE_CODE = YES;
				CLANG_WARN__DUPLICATE_METHOD_MATCH = YES;
				CODE_SIGN_IDENTITY = "iPhone Developer";
				COPY_PHASE_STRIP = NO;
				DEBUG_INFORMATION_FORMAT = "dwarf-with-dsym";
				ENABLE_NS_ASSERTIONS = NO;
				ENABLE_STRICT_OBJC_MSGSEND = YES;
				GCC_C_LANGUAGE_STANDARD = gnu11;
				GCC_NO_COMMON_BLOCKS = YES;
				GCC_WARN_64_TO_32_BIT_CONVERSION = YES;
				GCC_WARN_ABOUT_RETURN_TYPE = YES_ERROR;
				GCC_WARN_UNDECLARED_SELECTOR = YES;
				GCC_WARN_UNINITIALIZED_AUTOS = YES_AGGRESSIVE;
				GCC_WARN_UNUSED_FUNCTION = YES;
				GCC_WARN_UNUSED_VARIABLE = YES;
				IPHONEOS_DEPLOYMENT_TARGET = 12.4;
				MTL_ENABLE_DEBUG_INFO = NO;
				MTL_FAST_MATH = YES;
				SDKROOT = iphoneos;
				SWIFT_COMPILATION_MODE = wholemodule;
				SWIFT_OPTIMIZATION_LEVEL = "-Osize";
				VALIDATE_PRODUCT = YES;
			};
			name = Release;
		};
		6A868ED72326C4A300DC47DC /* Debug */ = {
			isa = XCBuildConfiguration;
			buildSettings = {
				ASSETCATALOG_COMPILER_APPICON_NAME = AppIcon;
				CODE_SIGN_STYLE = Manual;
				DEVELOPMENT_TEAM = "";
				INFOPLIST_FILE = Performance/Info.plist;
				LD_RUNPATH_SEARCH_PATHS = (
					"$(inherited)",
					"@executable_path/Frameworks",
				);
				PRODUCT_BUNDLE_IDENTIFIER = swift.ivuninmk.Performance;
				PRODUCT_NAME = "$(TARGET_NAME)";
				PROVISIONING_PROFILE_SPECIFIER = "";
				SWIFT_VERSION = 5.0;
				TARGETED_DEVICE_FAMILY = "1,2";
			};
			name = Debug;
		};
		6A868ED82326C4A300DC47DC /* Release */ = {
			isa = XCBuildConfiguration;
			buildSettings = {
				ASSETCATALOG_COMPILER_APPICON_NAME = AppIcon;
				CODE_SIGN_STYLE = Manual;
				DEVELOPMENT_TEAM = "";
				INFOPLIST_FILE = Performance/Info.plist;
				LD_RUNPATH_SEARCH_PATHS = (
					"$(inherited)",
					"@executable_path/Frameworks",
				);
				PRODUCT_BUNDLE_IDENTIFIER = swift.ivuninmk.Performance;
				PRODUCT_NAME = "$(TARGET_NAME)";
				PROVISIONING_PROFILE_SPECIFIER = "";
				SWIFT_VERSION = 5.0;
				TARGETED_DEVICE_FAMILY = "1,2";
			};
			name = Release;
		};
		6A868EDA2326C4A300DC47DC /* Debug */ = {
			isa = XCBuildConfiguration;
			buildSettings = {
				ALWAYS_EMBED_SWIFT_STANDARD_LIBRARIES = YES;
				BUNDLE_LOADER = "$(TEST_HOST)";
				CODE_SIGN_STYLE = Manual;
				DEVELOPMENT_TEAM = "";
				INFOPLIST_FILE = PerformanceTests/Info.plist;
				LD_RUNPATH_SEARCH_PATHS = (
					"$(inherited)",
					"@executable_path/Frameworks",
					"@loader_path/Frameworks",
				);
				PRODUCT_BUNDLE_IDENTIFIER = swift.ivuninmk.PerformanceTests;
				PRODUCT_NAME = "$(TARGET_NAME)";
				PROVISIONING_PROFILE_SPECIFIER = "";
				SWIFT_VERSION = 5.0;
				TARGETED_DEVICE_FAMILY = "1,2";
				TEST_HOST = "$(BUILT_PRODUCTS_DIR)/Performance.app/Performance";
			};
			name = Debug;
		};
		6A868EDB2326C4A300DC47DC /* Release */ = {
			isa = XCBuildConfiguration;
			buildSettings = {
				ALWAYS_EMBED_SWIFT_STANDARD_LIBRARIES = YES;
				BUNDLE_LOADER = "$(TEST_HOST)";
				CODE_SIGN_STYLE = Manual;
				DEVELOPMENT_TEAM = "";
				INFOPLIST_FILE = PerformanceTests/Info.plist;
				LD_RUNPATH_SEARCH_PATHS = (
					"$(inherited)",
					"@executable_path/Frameworks",
					"@loader_path/Frameworks",
				);
				PRODUCT_BUNDLE_IDENTIFIER = swift.ivuninmk.PerformanceTests;
				PRODUCT_NAME = "$(TARGET_NAME)";
				PROVISIONING_PROFILE_SPECIFIER = "";
				SWIFT_VERSION = 5.0;
				TARGETED_DEVICE_FAMILY = "1,2";
				TEST_HOST = "$(BUILT_PRODUCTS_DIR)/Performance.app/Performance";
			};
			name = Release;
		};
/* End XCBuildConfiguration section */

/* Begin XCConfigurationList section */
		6A868EB42326C4A200DC47DC /* Build configuration list for PBXProject "Performance" */ = {
			isa = XCConfigurationList;
			buildConfigurations = (
				6A868ED42326C4A300DC47DC /* Debug */,
				6A868ED52326C4A300DC47DC /* Release */,
			);
			defaultConfigurationIsVisible = 0;
			defaultConfigurationName = Release;
		};
		6A868ED62326C4A300DC47DC /* Build configuration list for PBXNativeTarget "Performance" */ = {
			isa = XCConfigurationList;
			buildConfigurations = (
				6A868ED72326C4A300DC47DC /* Debug */,
				6A868ED82326C4A300DC47DC /* Release */,
			);
			defaultConfigurationIsVisible = 0;
			defaultConfigurationName = Release;
		};
		6A868ED92326C4A300DC47DC /* Build configuration list for PBXNativeTarget "PerformanceTests" */ = {
			isa = XCConfigurationList;
			buildConfigurations = (
				6A868EDA2326C4A300DC47DC /* Debug */,
				6A868EDB2326C4A300DC47DC /* Release */,
			);
			defaultConfigurationIsVisible = 0;
			defaultConfigurationName = Release;
		};
/* End XCConfigurationList section */
	};
	rootObject = 6A868EB12326C4A200DC47DC /* Project object */;
}
